// !$*UTF8*$!
{
	archiveVersion = 1;
	classes = {
	};
	objectVersion = 56;
	objects = {

/* Begin PBXBuildFile section */
		076CDAF029BF84EF004DFD2B /* Swift_ShareApp.swift in Sources */ = {isa = PBXBuildFile; fileRef = 076CDAEF29BF84EF004DFD2B /* Swift_ShareApp.swift */; };
		076CDAF229BF84EF004DFD2B /* ContentView.swift in Sources */ = {isa = PBXBuildFile; fileRef = 076CDAF129BF84EF004DFD2B /* ContentView.swift */; };
		076CDAF429BF84F0004DFD2B /* Assets.xcassets in Resources */ = {isa = PBXBuildFile; fileRef = 076CDAF329BF84F0004DFD2B /* Assets.xcassets */; };
		076CDAF729BF84F0004DFD2B /* Preview Assets.xcassets in Resources */ = {isa = PBXBuildFile; fileRef = 076CDAF629BF84F0004DFD2B /* Preview Assets.xcassets */; };
		076CDAFE29BFC51D004DFD2B /* SignUpView.swift in Sources */ = {isa = PBXBuildFile; fileRef = 076CDAFD29BFC51D004DFD2B /* SignUpView.swift */; };
		076CDB0029BFCA7E004DFD2B /* GoogleService-Info.plist in Resources */ = {isa = PBXBuildFile; fileRef = 076CDAFF29BFCA7E004DFD2B /* GoogleService-Info.plist */; };
		076CDB0929BFCC2D004DFD2B /* FirebaseManager.swift in Sources */ = {isa = PBXBuildFile; fileRef = 076CDB0829BFCC2D004DFD2B /* FirebaseManager.swift */; };
		076CDB0B29BFCE77004DFD2B /* ImagePicker.swift in Sources */ = {isa = PBXBuildFile; fileRef = 076CDB0A29BFCE77004DFD2B /* ImagePicker.swift */; };
		076CDB0E29BFD371004DFD2B /* FirebaseAuth in Frameworks */ = {isa = PBXBuildFile; productRef = 076CDB0D29BFD371004DFD2B /* FirebaseAuth */; };
		076CDB1029BFD371004DFD2B /* FirebaseFirestore in Frameworks */ = {isa = PBXBuildFile; productRef = 076CDB0F29BFD371004DFD2B /* FirebaseFirestore */; };
		076CDB1229BFD371004DFD2B /* FirebaseStorage in Frameworks */ = {isa = PBXBuildFile; productRef = 076CDB1129BFD371004DFD2B /* FirebaseStorage */; };
		076CDB1429BFD371004DFD2B /* FirebaseStorageCombine-Community in Frameworks */ = {isa = PBXBuildFile; productRef = 076CDB1329BFD371004DFD2B /* FirebaseStorageCombine-Community */; };
/* End PBXBuildFile section */

/* Begin PBXFileReference section */
		076CDAEC29BF84EF004DFD2B /* Swift Share.app */ = {isa = PBXFileReference; explicitFileType = wrapper.application; includeInIndex = 0; path = "Swift Share.app"; sourceTree = BUILT_PRODUCTS_DIR; };
		076CDAEF29BF84EF004DFD2B /* Swift_ShareApp.swift */ = {isa = PBXFileReference; lastKnownFileType = sourcecode.swift; path = Swift_ShareApp.swift; sourceTree = "<group>"; };
		076CDAF129BF84EF004DFD2B /* ContentView.swift */ = {isa = PBXFileReference; lastKnownFileType = sourcecode.swift; path = ContentView.swift; sourceTree = "<group>"; };
		076CDAF329BF84F0004DFD2B /* Assets.xcassets */ = {isa = PBXFileReference; lastKnownFileType = folder.assetcatalog; path = Assets.xcassets; sourceTree = "<group>"; };
		076CDAF629BF84F0004DFD2B /* Preview Assets.xcassets */ = {isa = PBXFileReference; lastKnownFileType = folder.assetcatalog; path = "Preview Assets.xcassets"; sourceTree = "<group>"; };
		076CDAFD29BFC51D004DFD2B /* SignUpView.swift */ = {isa = PBXFileReference; lastKnownFileType = sourcecode.swift; path = SignUpView.swift; sourceTree = "<group>"; };
		076CDAFF29BFCA7E004DFD2B /* GoogleService-Info.plist */ = {isa = PBXFileReference; fileEncoding = 4; lastKnownFileType = text.plist.xml; path = "GoogleService-Info.plist"; sourceTree = "<group>"; };
		076CDB0829BFCC2D004DFD2B /* FirebaseManager.swift */ = {isa = PBXFileReference; lastKnownFileType = sourcecode.swift; path = FirebaseManager.swift; sourceTree = "<group>"; };
		076CDB0A29BFCE77004DFD2B /* ImagePicker.swift */ = {isa = PBXFileReference; lastKnownFileType = sourcecode.swift; path = ImagePicker.swift; sourceTree = "<group>"; };
/* End PBXFileReference section */

/* Begin PBXFrameworksBuildPhase section */
		076CDAE929BF84EF004DFD2B /* Frameworks */ = {
			isa = PBXFrameworksBuildPhase;
			buildActionMask = 2147483647;
			files = (
				076CDB0E29BFD371004DFD2B /* FirebaseAuth in Frameworks */,
				076CDB1029BFD371004DFD2B /* FirebaseFirestore in Frameworks */,
				076CDB1429BFD371004DFD2B /* FirebaseStorageCombine-Community in Frameworks */,
				076CDB1229BFD371004DFD2B /* FirebaseStorage in Frameworks */,
			);
			runOnlyForDeploymentPostprocessing = 0;
		};
/* End PBXFrameworksBuildPhase section */

/* Begin PBXGroup section */
		076CDAE329BF84EF004DFD2B = {
			isa = PBXGroup;
			children = (
				076CDAEE29BF84EF004DFD2B /* Swift Share */,
				076CDAED29BF84EF004DFD2B /* Products */,
			);
			sourceTree = "<group>";
		};
		076CDAED29BF84EF004DFD2B /* Products */ = {
			isa = PBXGroup;
			children = (
				076CDAEC29BF84EF004DFD2B /* Swift Share.app */,
			);
			name = Products;
			sourceTree = "<group>";
		};
		076CDAEE29BF84EF004DFD2B /* Swift Share */ = {
			isa = PBXGroup;
			children = (
				076CDAEF29BF84EF004DFD2B /* Swift_ShareApp.swift */,
				076CDAFD29BFC51D004DFD2B /* SignUpView.swift */,
				076CDAF129BF84EF004DFD2B /* ContentView.swift */,
				076CDB0829BFCC2D004DFD2B /* FirebaseManager.swift */,
				076CDAFF29BFCA7E004DFD2B /* GoogleService-Info.plist */,
				076CDAF329BF84F0004DFD2B /* Assets.xcassets */,
				076CDAF529BF84F0004DFD2B /* Preview Content */,
				076CDB0A29BFCE77004DFD2B /* ImagePicker.swift */,
			);
			path = "Swift Share";
			sourceTree = "<group>";
		};
		076CDAF529BF84F0004DFD2B /* Preview Content */ = {
			isa = PBXGroup;
			children = (
				076CDAF629BF84F0004DFD2B /* Preview Assets.xcassets */,
			);
			path = "Preview Content";
			sourceTree = "<group>";
		};
/* End PBXGroup section */

/* Begin PBXNativeTarget section */
		076CDAEB29BF84EF004DFD2B /* Swift Share */ = {
			isa = PBXNativeTarget;
			buildConfigurationList = 076CDAFA29BF84F0004DFD2B /* Build configuration list for PBXNativeTarget "Swift Share" */;
			buildPhases = (
				076CDAE829BF84EF004DFD2B /* Sources */,
				076CDAE929BF84EF004DFD2B /* Frameworks */,
				076CDAEA29BF84EF004DFD2B /* Resources */,
			);
			buildRules = (
			);
			dependencies = (
			);
			name = "Swift Share";
			packageProductDependencies = (
				076CDB0D29BFD371004DFD2B /* FirebaseAuth */,
				076CDB0F29BFD371004DFD2B /* FirebaseFirestore */,
				076CDB1129BFD371004DFD2B /* FirebaseStorage */,
				076CDB1329BFD371004DFD2B /* FirebaseStorageCombine-Community */,
			);
			productName = "Swift Share";
			productReference = 076CDAEC29BF84EF004DFD2B /* Swift Share.app */;
			productType = "com.apple.product-type.application";
		};
/* End PBXNativeTarget section */

/* Begin PBXProject section */
		076CDAE429BF84EF004DFD2B /* Project object */ = {
			isa = PBXProject;
			attributes = {
				BuildIndependentTargetsInParallel = 1;
				LastSwiftUpdateCheck = 1420;
				LastUpgradeCheck = 1420;
				TargetAttributes = {
					076CDAEB29BF84EF004DFD2B = {
						CreatedOnToolsVersion = 14.2;
					};
				};
			};
			buildConfigurationList = 076CDAE729BF84EF004DFD2B /* Build configuration list for PBXProject "Swift Share" */;
			compatibilityVersion = "Xcode 14.0";
			developmentRegion = en;
			hasScannedForEncodings = 0;
			knownRegions = (
				en,
				Base,
			);
			mainGroup = 076CDAE329BF84EF004DFD2B;
			packageReferences = (
				076CDB0C29BFD371004DFD2B /* XCRemoteSwiftPackageReference "firebase-ios-sdk" */,
			);
			productRefGroup = 076CDAED29BF84EF004DFD2B /* Products */;
			projectDirPath = "";
			projectRoot = "";
			targets = (
				076CDAEB29BF84EF004DFD2B /* Swift Share */,
			);
		};
/* End PBXProject section */

/* Begin PBXResourcesBuildPhase section */
		076CDAEA29BF84EF004DFD2B /* Resources */ = {
			isa = PBXResourcesBuildPhase;
			buildActionMask = 2147483647;
			files = (
				076CDB0029BFCA7E004DFD2B /* GoogleService-Info.plist in Resources */,
				076CDAF729BF84F0004DFD2B /* Preview Assets.xcassets in Resources */,
				076CDAF429BF84F0004DFD2B /* Assets.xcassets in Resources */,
			);
			runOnlyForDeploymentPostprocessing = 0;
		};
/* End PBXResourcesBuildPhase section */

/* Begin PBXSourcesBuildPhase section */
		076CDAE829BF84EF004DFD2B /* Sources */ = {
			isa = PBXSourcesBuildPhase;
			buildActionMask = 2147483647;
			files = (
				076CDB0929BFCC2D004DFD2B /* FirebaseManager.swift in Sources */,
				076CDAF229BF84EF004DFD2B /* ContentView.swift in Sources */,
				076CDB0B29BFCE77004DFD2B /* ImagePicker.swift in Sources */,
				076CDAFE29BFC51D004DFD2B /* SignUpView.swift in Sources */,
				076CDAF029BF84EF004DFD2B /* Swift_ShareApp.swift in Sources */,
			);
			runOnlyForDeploymentPostprocessing = 0;
		};
/* End PBXSourcesBuildPhase section */

/* Begin XCBuildConfiguration section */
		076CDAF829BF84F0004DFD2B /* Debug */ = {
			isa = XCBuildConfiguration;
			buildSettings = {
				ALWAYS_SEARCH_USER_PATHS = NO;
				CLANG_ANALYZER_NONNULL = YES;
				CLANG_ANALYZER_NUMBER_OBJECT_CONVERSION = YES_AGGRESSIVE;
				CLANG_CXX_LANGUAGE_STANDARD = "gnu++20";
				CLANG_ENABLE_MODULES = YES;
				CLANG_ENABLE_OBJC_ARC = YES;
				CLANG_ENABLE_OBJC_WEAK = YES;
				CLANG_WARN_BLOCK_CAPTURE_AUTORELEASING = YES;
				CLANG_WARN_BOOL_CONVERSION = YES;
				CLANG_WARN_COMMA = YES;
				CLANG_WARN_CONSTANT_CONVERSION = YES;
				CLANG_WARN_DEPRECATED_OBJC_IMPLEMENTATIONS = YES;
				CLANG_WARN_DIRECT_OBJC_ISA_USAGE = YES_ERROR;
				CLANG_WARN_DOCUMENTATION_COMMENTS = YES;
				CLANG_WARN_EMPTY_BODY = YES;
				CLANG_WARN_ENUM_CONVERSION = YES;
				CLANG_WARN_INFINITE_RECURSION = YES;
				CLANG_WARN_INT_CONVERSION = YES;
				CLANG_WARN_NON_LITERAL_NULL_CONVERSION = YES;
				CLANG_WARN_OBJC_IMPLICIT_RETAIN_SELF = YES;
				CLANG_WARN_OBJC_LITERAL_CONVERSION = YES;
				CLANG_WARN_OBJC_ROOT_CLASS = YES_ERROR;
				CLANG_WARN_QUOTED_INCLUDE_IN_FRAMEWORK_HEADER = YES;
				CLANG_WARN_RANGE_LOOP_ANALYSIS = YES;
				CLANG_WARN_STRICT_PROTOTYPES = YES;
				CLANG_WARN_SUSPICIOUS_MOVE = YES;
				CLANG_WARN_UNGUARDED_AVAILABILITY = YES_AGGRESSIVE;
				CLANG_WARN_UNREACHABLE_CODE = YES;
				CLANG_WARN__DUPLICATE_METHOD_MATCH = YES;
				COPY_PHASE_STRIP = NO;
				DEBUG_INFORMATION_FORMAT = dwarf;
				ENABLE_STRICT_OBJC_MSGSEND = YES;
				ENABLE_TESTABILITY = YES;
				GCC_C_LANGUAGE_STANDARD = gnu11;
				GCC_DYNAMIC_NO_PIC = NO;
				GCC_NO_COMMON_BLOCKS = YES;
				GCC_OPTIMIZATION_LEVEL = 0;
				GCC_PREPROCESSOR_DEFINITIONS = (
					"DEBUG=1",
					"$(inherited)",
				);
				GCC_WARN_64_TO_32_BIT_CONVERSION = YES;
				GCC_WARN_ABOUT_RETURN_TYPE = YES_ERROR;
				GCC_WARN_UNDECLARED_SELECTOR = YES;
				GCC_WARN_UNINITIALIZED_AUTOS = YES_AGGRESSIVE;
				GCC_WARN_UNUSED_FUNCTION = YES;
				GCC_WARN_UNUSED_VARIABLE = YES;
				IPHONEOS_DEPLOYMENT_TARGET = 16.2;
				MTL_ENABLE_DEBUG_INFO = INCLUDE_SOURCE;
				MTL_FAST_MATH = YES;
				ONLY_ACTIVE_ARCH = YES;
				SDKROOT = iphoneos;
				SWIFT_ACTIVE_COMPILATION_CONDITIONS = DEBUG;
				SWIFT_OPTIMIZATION_LEVEL = "-Onone";
			};
			name = Debug;
		};
		076CDAF929BF84F0004DFD2B /* Release */ = {
			isa = XCBuildConfiguration;
			buildSettings = {
				ALWAYS_SEARCH_USER_PATHS = NO;
				CLANG_ANALYZER_NONNULL = YES;
				CLANG_ANALYZER_NUMBER_OBJECT_CONVERSION = YES_AGGRESSIVE;
				CLANG_CXX_LANGUAGE_STANDARD = "gnu++20";
				CLANG_ENABLE_MODULES = YES;
				CLANG_ENABLE_OBJC_ARC = YES;
				CLANG_ENABLE_OBJC_WEAK = YES;
				CLANG_WARN_BLOCK_CAPTURE_AUTORELEASING = YES;
				CLANG_WARN_BOOL_CONVERSION = YES;
				CLANG_WARN_COMMA = YES;
				CLANG_WARN_CONSTANT_CONVERSION = YES;
				CLANG_WARN_DEPRECATED_OBJC_IMPLEMENTATIONS = YES;
				CLANG_WARN_DIRECT_OBJC_ISA_USAGE = YES_ERROR;
				CLANG_WARN_DOCUMENTATION_COMMENTS = YES;
				CLANG_WARN_EMPTY_BODY = YES;
				CLANG_WARN_ENUM_CONVERSION = YES;
				CLANG_WARN_INFINITE_RECURSION = YES;
				CLANG_WARN_INT_CONVERSION = YES;
				CLANG_WARN_NON_LITERAL_NULL_CONVERSION = YES;
				CLANG_WARN_OBJC_IMPLICIT_RETAIN_SELF = YES;
				CLANG_WARN_OBJC_LITERAL_CONVERSION = YES;
				CLANG_WARN_OBJC_ROOT_CLASS = YES_ERROR;
				CLANG_WARN_QUOTED_INCLUDE_IN_FRAMEWORK_HEADER = YES;
				CLANG_WARN_RANGE_LOOP_ANALYSIS = YES;
				CLANG_WARN_STRICT_PROTOTYPES = YES;
				CLANG_WARN_SUSPICIOUS_MOVE = YES;
				CLANG_WARN_UNGUARDED_AVAILABILITY = YES_AGGRESSIVE;
				CLANG_WARN_UNREACHABLE_CODE = YES;
				CLANG_WARN__DUPLICATE_METHOD_MATCH = YES;
				COPY_PHASE_STRIP = NO;
				DEBUG_INFORMATION_FORMAT = "dwarf-with-dsym";
				ENABLE_NS_ASSERTIONS = NO;
				ENABLE_STRICT_OBJC_MSGSEND = YES;
				GCC_C_LANGUAGE_STANDARD = gnu11;
				GCC_NO_COMMON_BLOCKS = YES;
				GCC_WARN_64_TO_32_BIT_CONVERSION = YES;
				GCC_WARN_ABOUT_RETURN_TYPE = YES_ERROR;
				GCC_WARN_UNDECLARED_SELECTOR = YES;
				GCC_WARN_UNINITIALIZED_AUTOS = YES_AGGRESSIVE;
				GCC_WARN_UNUSED_FUNCTION = YES;
				GCC_WARN_UNUSED_VARIABLE = YES;
				IPHONEOS_DEPLOYMENT_TARGET = 16.2;
				MTL_ENABLE_DEBUG_INFO = NO;
				MTL_FAST_MATH = YES;
				SDKROOT = iphoneos;
				SWIFT_COMPILATION_MODE = wholemodule;
				SWIFT_OPTIMIZATION_LEVEL = "-O";
				VALIDATE_PRODUCT = YES;
			};
			name = Release;
		};
		076CDAFB29BF84F0004DFD2B /* Debug */ = {
			isa = XCBuildConfiguration;
			buildSettings = {
				ASSETCATALOG_COMPILER_APPICON_NAME = AppIcon;
				ASSETCATALOG_COMPILER_GLOBAL_ACCENT_COLOR_NAME = AccentColor;
				CODE_SIGN_STYLE = Automatic;
				CURRENT_PROJECT_VERSION = 1;
				DEVELOPMENT_ASSET_PATHS = "\"Swift Share/Preview Content\"";
				DEVELOPMENT_TEAM = P5K444356C;
				ENABLE_PREVIEWS = YES;
				GENERATE_INFOPLIST_FILE = YES;
				INFOPLIST_KEY_UIApplicationSceneManifest_Generation = YES;
				INFOPLIST_KEY_UIApplicationSupportsIndirectInputEvents = YES;
				INFOPLIST_KEY_UILaunchScreen_Generation = YES;
				INFOPLIST_KEY_UISupportedInterfaceOrientations_iPad = "UIInterfaceOrientationPortrait UIInterfaceOrientationPortraitUpsideDown UIInterfaceOrientationLandscapeLeft UIInterfaceOrientationLandscapeRight";
				INFOPLIST_KEY_UISupportedInterfaceOrientations_iPhone = "UIInterfaceOrientationPortrait UIInterfaceOrientationLandscapeLeft UIInterfaceOrientationLandscapeRight";
				LD_RUNPATH_SEARCH_PATHS = (
					"$(inherited)",
					"@executable_path/Frameworks",
				);
				MARKETING_VERSION = 1.0;
				PRODUCT_BUNDLE_IDENTIFIER = "com.parpods.Swift-Share";
				PRODUCT_NAME = "$(TARGET_NAME)";
				SWIFT_EMIT_LOC_STRINGS = YES;
				SWIFT_VERSION = 5.0;
				TARGETED_DEVICE_FAMILY = "1,2";
			};
			name = Debug;
		};
		076CDAFC29BF84F0004DFD2B /* Release */ = {
			isa = XCBuildConfiguration;
			buildSettings = {
				ASSETCATALOG_COMPILER_APPICON_NAME = AppIcon;
				ASSETCATALOG_COMPILER_GLOBAL_ACCENT_COLOR_NAME = AccentColor;
				CODE_SIGN_STYLE = Automatic;
				CURRENT_PROJECT_VERSION = 1;
				DEVELOPMENT_ASSET_PATHS = "\"Swift Share/Preview Content\"";
				DEVELOPMENT_TEAM = P5K444356C;
				ENABLE_PREVIEWS = YES;
				GENERATE_INFOPLIST_FILE = YES;
				INFOPLIST_KEY_UIApplicationSceneManifest_Generation = YES;
				INFOPLIST_KEY_UIApplicationSupportsIndirectInputEvents = YES;
				INFOPLIST_KEY_UILaunchScreen_Generation = YES;
				INFOPLIST_KEY_UISupportedInterfaceOrientations_iPad = "UIInterfaceOrientationPortrait UIInterfaceOrientationPortraitUpsideDown UIInterfaceOrientationLandscapeLeft UIInterfaceOrientationLandscapeRight";
				INFOPLIST_KEY_UISupportedInterfaceOrientations_iPhone = "UIInterfaceOrientationPortrait UIInterfaceOrientationLandscapeLeft UIInterfaceOrientationLandscapeRight";
				LD_RUNPATH_SEARCH_PATHS = (
					"$(inherited)",
					"@executable_path/Frameworks",
				);
				MARKETING_VERSION = 1.0;
				PRODUCT_BUNDLE_IDENTIFIER = "com.parpods.Swift-Share";
				PRODUCT_NAME = "$(TARGET_NAME)";
				SWIFT_EMIT_LOC_STRINGS = YES;
				SWIFT_VERSION = 5.0;
				TARGETED_DEVICE_FAMILY = "1,2";
			};
			name = Release;
		};
/* End XCBuildConfiguration section */

/* Begin XCConfigurationList section */
		076CDAE729BF84EF004DFD2B /* Build configuration list for PBXProject "Swift Share" */ = {
			isa = XCConfigurationList;
			buildConfigurations = (
				076CDAF829BF84F0004DFD2B /* Debug */,
				076CDAF929BF84F0004DFD2B /* Release */,
			);
			defaultConfigurationIsVisible = 0;
			defaultConfigurationName = Release;
		};
		076CDAFA29BF84F0004DFD2B /* Build configuration list for PBXNativeTarget "Swift Share" */ = {
			isa = XCConfigurationList;
			buildConfigurations = (
				076CDAFB29BF84F0004DFD2B /* Debug */,
				076CDAFC29BF84F0004DFD2B /* Release */,
			);
			defaultConfigurationIsVisible = 0;
			defaultConfigurationName = Release;
		};
/* End XCConfigurationList section */

/* Begin XCRemoteSwiftPackageReference section */
		076CDB0C29BFD371004DFD2B /* XCRemoteSwiftPackageReference "firebase-ios-sdk" */ = {
			isa = XCRemoteSwiftPackageReference;
			repositoryURL = "https://github.com/firebase/firebase-ios-sdk";
			requirement = {
				branch = master;
				kind = branch;
			};
		};
/* End XCRemoteSwiftPackageReference section */

/* Begin XCSwiftPackageProductDependency section */
		076CDB0D29BFD371004DFD2B /* FirebaseAuth */ = {
			isa = XCSwiftPackageProductDependency;
			package = 076CDB0C29BFD371004DFD2B /* XCRemoteSwiftPackageReference "firebase-ios-sdk" */;
			productName = FirebaseAuth;
		};
		076CDB0F29BFD371004DFD2B /* FirebaseFirestore */ = {
			isa = XCSwiftPackageProductDependency;
			package = 076CDB0C29BFD371004DFD2B /* XCRemoteSwiftPackageReference "firebase-ios-sdk" */;
			productName = FirebaseFirestore;
		};
		076CDB1129BFD371004DFD2B /* FirebaseStorage */ = {
			isa = XCSwiftPackageProductDependency;
			package = 076CDB0C29BFD371004DFD2B /* XCRemoteSwiftPackageReference "firebase-ios-sdk" */;
			productName = FirebaseStorage;
		};
		076CDB1329BFD371004DFD2B /* FirebaseStorageCombine-Community */ = {
			isa = XCSwiftPackageProductDependency;
			package = 076CDB0C29BFD371004DFD2B /* XCRemoteSwiftPackageReference "firebase-ios-sdk" */;
			productName = "FirebaseStorageCombine-Community";
		};
/* End XCSwiftPackageProductDependency section */
	};
	rootObject = 076CDAE429BF84EF004DFD2B /* Project object */;
}
